<?xml version="1.0" encoding="utf-8"?>
<Project ToolsVersion="4.0" xmlns="http://schemas.microsoft.com/developer/msbuild/2003">
  <ItemGroup>
    <Filter Include="Source Files">
      <UniqueIdentifier>{4FC737F1-C7A5-4376-A066-2A32D752A2FF}</UniqueIdentifier>
      <Extensions>cpp;c;cc;cxx;c++;cppm;ixx;def;odl;idl;hpj;bat;asm;asmx</Extensions>
    </Filter>
    <Filter Include="Header Files">
      <UniqueIdentifier>{93995380-89BD-4b04-88EB-625FBE52EBFB}</UniqueIdentifier>
      <Extensions>h;hh;hpp;hxx;h++;hm;inl;inc;ipp;xsd</Extensions>
    </Filter>
    <Filter Include="Resource Files">
      <UniqueIdentifier>{67DA6AB6-F800-4c08-8B7A-83BB121AAD01}</UniqueIdentifier>
      <Extensions>rc;ico;cur;bmp;dlg;rc2;rct;bin;rgs;gif;jpg;jpeg;jpe;resx;tiff;tif;png;wav;mfcribbon-ms</Extensions>
    </Filter>
    <Filter Include="Source Files\_functions">
      <UniqueIdentifier>{b6f6a176-4042-453d-a491-774174242447}</UniqueIdentifier>
    </Filter>
    <Filter Include="Source Files\lame">
      <UniqueIdentifier>{c0a7309a-50b1-44b3-ad87-e3eb40ec4da0}</UniqueIdentifier>
    </Filter>
    <Filter Include="Source Files\iir">
      <UniqueIdentifier>{e623a66d-7166-41df-b316-77739d5af0c7}</UniqueIdentifier>
    </Filter>
  </ItemGroup>
  <ItemGroup>
    <ClCompile Include="main.cpp">
      <Filter>Source Files</Filter>
    </ClCompile>
    <ClCompile Include="csignals.cpp">
      <Filter>Source Files</Filter>
    </ClCompile>
    <ClCompile Include="operators.cpp">
      <Filter>Source Files</Filter>
    </ClCompile>
    <ClCompile Include="skope.cpp">
      <Filter>Source Files</Filter>
    </ClCompile>
    <ClCompile Include="skope_exception.h">
      <Filter>Header Files</Filter>
    </ClCompile>
    <ClCompile Include="psycon.yy.c">
      <Filter>Source Files</Filter>
    </ClCompile>
    <ClCompile Include="psycon.tab.c">
      <Filter>Source Files</Filter>
    </ClCompile>
    <ClCompile Include="skope_exception.cpp">
      <Filter>Source Files</Filter>
    </ClCompile>
    <ClCompile Include="typecheck.cpp">
      <Filter>Source Files</Filter>
    </ClCompile>
    <ClCompile Include="AuxFunc.cpp">
      <Filter>Source Files</Filter>
    </ClCompile>
    <ClCompile Include="support.cpp">
      <Filter>Source Files</Filter>
    </ClCompile>
    <ClCompile Include="Built_in_Funcs.cpp">
      <Filter>Source Files</Filter>
    </ClCompile>
    <ClCompile Include="skope_flow.cpp">
      <Filter>Source Files</Filter>
    </ClCompile>
    <ClCompile Include="echo.cpp">
      <Filter>Source Files</Filter>
    </ClCompile>
    <ClCompile Include="_func\eval_include.cpp">
      <Filter>Source Files\_functions</Filter>
    </ClCompile>
    <ClCompile Include="_func\json.cpp">
      <Filter>Source Files\_functions</Filter>
    </ClCompile>
    <ClCompile Include="_func\_tparamonly.cpp">
      <Filter>Source Files\_functions</Filter>
    </ClCompile>
    <ClCompile Include="_func\tone_fm.cpp">
      <Filter>Source Files\_functions</Filter>
    </ClCompile>
    <ClCompile Include="_func\_minmax.cpp">
      <Filter>Source Files\_functions</Filter>
    </ClCompile>
    <ClCompile Include="skope_statics.cpp">
      <Filter>Source Files</Filter>
    </ClCompile>
    <ClCompile Include="_func\_file.cpp">
      <Filter>Source Files\_functions</Filter>
    </ClCompile>
    <ClCompile Include="_func\windowing.cpp">
      <Filter>Source Files\_functions</Filter>
    </ClCompile>
    <ClCompile Include="_func\_matrix.cpp">
      <Filter>Source Files\_functions</Filter>
    </ClCompile>
    <ClCompile Include="_func\movespec.cpp">
      <Filter>Source Files\_functions</Filter>
    </ClCompile>
    <ClCompile Include="_func\fft.cpp">
      <Filter>Source Files\_functions</Filter>
    </ClCompile>
    <ClCompile Include="_func\specialmath.cpp">
      <Filter>Source Files\_functions</Filter>
    </ClCompile>
    <ClCompile Include="_func\sums.cpp">
      <Filter>Source Files\_functions</Filter>
    </ClCompile>
    <ClCompile Include="_func\rmsandothers.cpp">
      <Filter>Source Files\_functions</Filter>
    </ClCompile>
    <ClCompile Include="_func\lr_aud_vec.cpp">
      <Filter>Source Files\_functions</Filter>
    </ClCompile>
    <ClCompile Include="_func\hilb_env.cpp">
      <Filter>Source Files\_functions</Filter>
    </ClCompile>
    <ClCompile Include="_func\printf.cpp">
      <Filter>Source Files\_functions</Filter>
    </ClCompile>
    <ClCompile Include="lame\brhist.c">
      <Filter>Source Files\lame</Filter>
    </ClCompile>
    <ClCompile Include="lame\get_audio.c">
      <Filter>Source Files\lame</Filter>
    </ClCompile>
    <ClCompile Include="lame\lame_export.c">
      <Filter>Source Files\lame</Filter>
    </ClCompile>
    <ClCompile Include="lame\lame_main.c">
      <Filter>Source Files\lame</Filter>
    </ClCompile>
    <ClCompile Include="lame\lametime.c">
      <Filter>Source Files\lame</Filter>
    </ClCompile>
    <ClCompile Include="lame\parse.c">
      <Filter>Source Files\lame</Filter>
    </ClCompile>
    <ClCompile Include="lame\timestatus.c">
      <Filter>Source Files\lame</Filter>
    </ClCompile>
    <ClCompile Include="utils.cpp">
      <Filter>Source Files</Filter>
    </ClCompile>
    <ClCompile Include="lame\lame_aux_internal.cpp">
      <Filter>Source Files\lame</Filter>
    </ClCompile>
    <ClCompile Include="_func\filt.cpp">
      <Filter>Source Files\_functions</Filter>
    </ClCompile>
    <ClCompile Include="_func\rand.cpp">
      <Filter>Source Files\_functions</Filter>
    </ClCompile>
    <ClCompile Include="_func\sharps.cpp">
      <Filter>Source Files\_functions</Filter>
    </ClCompile>
    <ClCompile Include="_func\_dir.cpp">
      <Filter>Source Files\_functions</Filter>
    </ClCompile>
    <ClCompile Include="_func\type_same.cpp">
      <Filter>Source Files\_functions</Filter>
    </ClCompile>
    <ClCompile Include="_func\ones_z.cpp">
      <Filter>Source Files\_functions</Filter>
    </ClCompile>
    <ClCompile Include="_func\and_or_sort.cpp">
      <Filter>Source Files\_functions</Filter>
    </ClCompile>
    <ClCompile Include="_func\noargs.cpp">
      <Filter>Source Files\_functions</Filter>
    </ClCompile>
    <ClCompile Include="skope_process.cpp">
      <Filter>Source Files</Filter>
    </ClCompile>
    <ClCompile Include="_func\cell_func.cpp">
      <Filter>Source Files\_functions</Filter>
    </ClCompile>
    <ClCompile Include="auxenv.cpp">
      <Filter>Source Files</Filter>
    </ClCompile>
    <ClCompile Include="_func\objchecker.cpp">
      <Filter>Source Files\_functions</Filter>
    </ClCompile>
    <ClCompile Include="compute_xflow.cpp">
      <Filter>Source Files</Filter>
    </ClCompile>
    <ClCompile Include="Cfunction.cpp">
      <Filter>Source Files</Filter>
    </ClCompile>
    <ClCompile Include="iir\const.c">
      <Filter>Source Files</Filter>
    </ClCompile>
    <ClCompile Include="iir\cmplx.c">
      <Filter>Source Files\iir</Filter>
    </ClCompile>
    <ClCompile Include="iir\ellf.c">
      <Filter>Source Files\iir</Filter>
    </ClCompile>
    <ClCompile Include="iir\ellie.c">
      <Filter>Source Files\iir</Filter>
    </ClCompile>
    <ClCompile Include="iir\ellik.c">
      <Filter>Source Files\iir</Filter>
    </ClCompile>
    <ClCompile Include="iir\ellpe.c">
      <Filter>Source Files\iir</Filter>
    </ClCompile>
    <ClCompile Include="iir\ellpj.c">
      <Filter>Source Files\iir</Filter>
    </ClCompile>
    <ClCompile Include="iir\ellpk.c">
      <Filter>Source Files\iir</Filter>
    </ClCompile>
    <ClCompile Include="iir\polevl.c">
      <Filter>Source Files\iir</Filter>
    </ClCompile>
    <ClCompile Include="iir\mtherr.c">
      <Filter>Source Files\iir</Filter>
    </ClCompile>
    <ClCompile Include="_func\_setnextchan.cpp">
      <Filter>Source Files\_functions</Filter>
    </ClCompile>
    <ClCompile Include="_func\tsq.cpp">
      <Filter>Source Files\_functions</Filter>
    </ClCompile>
    <ClCompile Include="_func\err_warning_throw.cpp">
      <Filter>Source Files\_functions</Filter>
    </ClCompile>
  </ItemGroup>
  <ItemGroup>
    <ClInclude Include="skope.h">
      <Filter>Header Files</Filter>
    </ClInclude>
    <ClInclude Include="typecheck.h">
      <Filter>Header Files</Filter>
    </ClInclude>
    <ClInclude Include="builtin_functions.h">
      <Filter>Header Files</Filter>
    </ClInclude>
    <ClInclude Include="aux_classes.h">
      <Filter>Header Files</Filter>
    </ClInclude>
    <ClInclude Include="_func\functions_common.h">
      <Filter>Header Files</Filter>
    </ClInclude>
    <ClInclude Include="include\lame_aux_api.h">
      <Filter>Header Files</Filter>
    </ClInclude>
    <ClInclude Include="utils.h">
      <Filter>Header Files</Filter>
    </ClInclude>
    <ClInclude Include="iir\mconf.h">
      <Filter>Source Files\iir</Filter>
    </ClInclude>
    <ClInclude Include="iir\protos.h">
      <Filter>Source Files\iir</Filter>
    </ClInclude>
  </ItemGroup>
</Project>